
Microsoft Visual Studio Solution File, Format Version 12.00
# Visual Studio 14
VisualStudioVersion = 14.0.23107.0
MinimumVisualStudioVersion = 10.0.40219.1
Project("{E24C65DC-7377-472B-9ABA-BC803B73C61A}") = "webresource", "webresource\", "{7BD659B9-7D00-4716-9F86-E609A7AC8E10}"
	ProjectSection(WebsiteProperties) = preProject
		TargetFrameworkMoniker = ".NETFramework,Version%3Dv4.0"
		Debug.AspNetCompiler.VirtualPath = "/localhost_57301"
		Debug.AspNetCompiler.PhysicalPath = "webresource\"
		Debug.AspNetCompiler.TargetPath = "PrecompiledWeb\localhost_57301\"
		Debug.AspNetCompiler.Updateable = "true"
		Debug.AspNetCompiler.ForceOverwrite = "true"
		Debug.AspNetCompiler.FixedNames = "false"
		Debug.AspNetCompiler.Debug = "True"
		Release.AspNetCompiler.VirtualPath = "/localhost_57301"
		Release.AspNetCompiler.PhysicalPath = "webresource\"
		Release.AspNetCompiler.TargetPath = "PrecompiledWeb\localhost_57301\"
		Release.AspNetCompiler.Updateable = "true"
		Release.AspNetCompiler.ForceOverwrite = "true"
		Release.AspNetCompiler.FixedNames = "false"
		Release.AspNetCompiler.Debug = "False"
		VWDPort = "57301"
		SlnRelativePath = "webresource\"
	EndProjectSection
EndProject
Project("{E24C65DC-7377-472B-9ABA-BC803B73C61A}") = "core", "core\", "{1D0E6C3A-4686-48BE-BD25-EF71F2A550FD}"
	ProjectSection(WebsiteProperties) = preProject
		TargetFrameworkMoniker = ".NETFramework,Version%3Dv4.0"
		Debug.AspNetCompiler.VirtualPath = "/localhost_63362"
		Debug.AspNetCompiler.PhysicalPath = "core\"
		Debug.AspNetCompiler.TargetPath = "PrecompiledWeb\localhost_63362\"
		Debug.AspNetCompiler.Updateable = "true"
		Debug.AspNetCompiler.ForceOverwrite = "true"
		Debug.AspNetCompiler.FixedNames = "false"
		Debug.AspNetCompiler.Debug = "True"
		Release.AspNetCompiler.VirtualPath = "/localhost_63362"
		Release.AspNetCompiler.PhysicalPath = "core\"
		Release.AspNetCompiler.TargetPath = "PrecompiledWeb\localhost_63362\"
		Release.AspNetCompiler.Updateable = "true"
		Release.AspNetCompiler.ForceOverwrite = "true"
		Release.AspNetCompiler.FixedNames = "false"
		Release.AspNetCompiler.Debug = "False"
		VWDPort = "63362"
		SlnRelativePath = "core\"
	EndProjectSection
EndProject
Project("{E24C65DC-7377-472B-9ABA-BC803B73C61A}") = "tools", "tools\", "{DB271355-6870-458A-AFA4-33A2CED03EB8}"
	ProjectSection(WebsiteProperties) = preProject
		TargetFrameworkMoniker = ".NETFramework,Version%3Dv4.0"
		Debug.AspNetCompiler.VirtualPath = "/localhost_63420"
		Debug.AspNetCompiler.PhysicalPath = "tools\"
		Debug.AspNetCompiler.TargetPath = "PrecompiledWeb\localhost_63420\"
		Debug.AspNetCompiler.Updateable = "true"
		Debug.AspNetCompiler.ForceOverwrite = "true"
		Debug.AspNetCompiler.FixedNames = "false"
		Debug.AspNetCompiler.Debug = "True"
		Release.AspNetCompiler.VirtualPath = "/localhost_63420"
		Release.AspNetCompiler.PhysicalPath = "tools\"
		Release.AspNetCompiler.TargetPath = "PrecompiledWeb\localhost_63420\"
		Release.AspNetCompiler.Updateable = "true"
		Release.AspNetCompiler.ForceOverwrite = "true"
		Release.AspNetCompiler.FixedNames = "false"
		Release.AspNetCompiler.Debug = "False"
		VWDPort = "63420"
		SlnRelativePath = "tools\"
	EndProjectSection
EndProject
Global
	GlobalSection(SolutionConfigurationPlatforms) = preSolution
		Debug|Any CPU = Debug|Any CPU
	EndGlobalSection
	GlobalSection(ProjectConfigurationPlatforms) = postSolution
		{7BD659B9-7D00-4716-9F86-E609A7AC8E10}.Debug|Any CPU.ActiveCfg = Debug|Any CPU
		{7BD659B9-7D00-4716-9F86-E609A7AC8E10}.Debug|Any CPU.Build.0 = Debug|Any CPU
		{1D0E6C3A-4686-48BE-BD25-EF71F2A550FD}.Debug|Any CPU.ActiveCfg = Debug|Any CPU
		{1D0E6C3A-4686-48BE-BD25-EF71F2A550FD}.Debug|Any CPU.Build.0 = Debug|Any CPU
		{DB271355-6870-458A-AFA4-33A2CED03EB8}.Debug|Any CPU.ActiveCfg = Debug|Any CPU
		{DB271355-6870-458A-AFA4-33A2CED03EB8}.Debug|Any CPU.Build.0 = Debug|Any CPU
	EndGlobalSection
	GlobalSection(SolutionProperties) = preSolution
		HideSolutionNode = FALSE
	EndGlobalSection
EndGlobal
